
Microsoft Visual Studio Solution File, Format Version 12.00
# Visual Studio 14
VisualStudioVersion = 14.0.25420.1
MinimumVisualStudioVersion = 10.0.40219.1
Project("{FAE04EC0-301F-11D3-BF4B-00C04F79EFBC}") = "Server", "Server\Server.csproj", "{B6903410-C6C4-4EFB-96C5-BCDDD7613411}"
EndProject
Project("{FAE04EC0-301F-11D3-BF4B-00C04F79EFBC}") = "PoleStar", "Client\PoleStar.csproj", "{843213BD-FBDB-43C7-8523-F6FF2293FB61}"
EndProject
Global
	GlobalSection(SolutionConfigurationPlatforms) = preSolution
		Debug|Any CPU = Debug|Any CPU
		Debug|ARM = Debug|ARM
		Debug|x64 = Debug|x64
		Debug|x86 = Debug|x86
		Release|Any CPU = Release|Any CPU
		Release|ARM = Release|ARM
		Release|x64 = Release|x64
		Release|x86 = Release|x86
	EndGlobalSection
	GlobalSection(ProjectConfigurationPlatforms) = postSolution
		{B6903410-C6C4-4EFB-96C5-BCDDD7613411}.Debug|Any CPU.ActiveCfg = Debug|Any CPU
		{B6903410-C6C4-4EFB-96C5-BCDDD7613411}.Debug|Any CPU.Build.0 = Debug|Any CPU
		{B6903410-C6C4-4EFB-96C5-BCDDD7613411}.Debug|ARM.ActiveCfg = Debug|Any CPU
		{B6903410-C6C4-4EFB-96C5-BCDDD7613411}.Debug|ARM.Build.0 = Debug|Any CPU
		{B6903410-C6C4-4EFB-96C5-BCDDD7613411}.Debug|x64.ActiveCfg = Debug|Any CPU
		{B6903410-C6C4-4EFB-96C5-BCDDD7613411}.Debug|x64.Build.0 = Debug|Any CPU
		{B6903410-C6C4-4EFB-96C5-BCDDD7613411}.Debug|x86.ActiveCfg = Debug|Any CPU
		{B6903410-C6C4-4EFB-96C5-BCDDD7613411}.Debug|x86.Build.0 = Debug|Any CPU
		{B6903410-C6C4-4EFB-96C5-BCDDD7613411}.Release|Any CPU.ActiveCfg = Release|Any CPU
		{B6903410-C6C4-4EFB-96C5-BCDDD7613411}.Release|Any CPU.Build.0 = Release|Any CPU
		{B6903410-C6C4-4EFB-96C5-BCDDD7613411}.Release|ARM.ActiveCfg = Release|Any CPU
		{B6903410-C6C4-4EFB-96C5-BCDDD7613411}.Release|ARM.Build.0 = Release|Any CPU
		{B6903410-C6C4-4EFB-96C5-BCDDD7613411}.Release|x64.ActiveCfg = Release|Any CPU
		{B6903410-C6C4-4EFB-96C5-BCDDD7613411}.Release|x64.Build.0 = Release|Any CPU
		{B6903410-C6C4-4EFB-96C5-BCDDD7613411}.Release|x86.ActiveCfg = Release|Any CPU
		{B6903410-C6C4-4EFB-96C5-BCDDD7613411}.Release|x86.Build.0 = Release|Any CPU
		{843213BD-FBDB-43C7-8523-F6FF2293FB61}.Debug|Any CPU.ActiveCfg = Debug|x86
		{843213BD-FBDB-43C7-8523-F6FF2293FB61}.Debug|ARM.ActiveCfg = Debug|ARM
		{843213BD-FBDB-43C7-8523-F6FF2293FB61}.Debug|ARM.Build.0 = Debug|ARM
		{843213BD-FBDB-43C7-8523-F6FF2293FB61}.Debug|ARM.Deploy.0 = Debug|ARM
		{843213BD-FBDB-43C7-8523-F6FF2293FB61}.Debug|x64.ActiveCfg = Debug|x64
		{843213BD-FBDB-43C7-8523-F6FF2293FB61}.Debug|x64.Build.0 = Debug|x64
		{843213BD-FBDB-43C7-8523-F6FF2293FB61}.Debug|x64.Deploy.0 = Debug|x64
		{843213BD-FBDB-43C7-8523-F6FF2293FB61}.Debug|x86.ActiveCfg = Debug|x86
		{843213BD-FBDB-43C7-8523-F6FF2293FB61}.Debug|x86.Build.0 = Debug|x86
		{843213BD-FBDB-43C7-8523-F6FF2293FB61}.Debug|x86.Deploy.0 = Debug|x86
		{843213BD-FBDB-43C7-8523-F6FF2293FB61}.Release|Any CPU.ActiveCfg = Release|x86
		{843213BD-FBDB-43C7-8523-F6FF2293FB61}.Release|ARM.ActiveCfg = Release|ARM
		{843213BD-FBDB-43C7-8523-F6FF2293FB61}.Release|ARM.Build.0 = Release|ARM
		{843213BD-FBDB-43C7-8523-F6FF2293FB61}.Release|ARM.Deploy.0 = Release|ARM
		{843213BD-FBDB-43C7-8523-F6FF2293FB61}.Release|x64.ActiveCfg = Release|x64
		{843213BD-FBDB-43C7-8523-F6FF2293FB61}.Release|x64.Build.0 = Release|x64
		{843213BD-FBDB-43C7-8523-F6FF2293FB61}.Release|x64.Deploy.0 = Release|x64
		{843213BD-FBDB-43C7-8523-F6FF2293FB61}.Release|x86.ActiveCfg = Release|x86
		{843213BD-FBDB-43C7-8523-F6FF2293FB61}.Release|x86.Build.0 = Release|x86
		{843213BD-FBDB-43C7-8523-F6FF2293FB61}.Release|x86.Deploy.0 = Release|x86
	EndGlobalSection
	GlobalSection(SolutionProperties) = preSolution
		HideSolutionNode = FALSE
	EndGlobalSection
EndGlobal
